
Microsoft Visual Studio Solution File, Format Version 12.00
# Visual Studio 15
VisualStudioVersion = 15.0.27703.2035
MinimumVisualStudioVersion = 10.0.40219.1
Project("{8BC9CEB8-8B4A-11D0-8D11-00A0C91BC942}") = "Introduction", "Introduction\Introduction.vcxproj", "{C7751332-FFF3-4712-AA0B-718598872BA4}"
EndProject
Global
	GlobalSection(SolutionConfigurationPlatforms) = preSolution
		Debug|x64 = Debug|x64
		Debug|x86 = Debug|x86
		Release|x64 = Release|x64
		Release|x86 = Release|x86
	EndGlobalSection
	GlobalSection(ProjectConfigurationPlatforms) = postSolution
		{C7751332-FFF3-4712-AA0B-718598872BA4}.Debug|x64.ActiveCfg = Debug|x64
		{C7751332-FFF3-4712-AA0B-718598872BA4}.Debug|x64.Build.0 = Debug|x64
		{C7751332-FFF3-4712-AA0B-718598872BA4}.Debug|x86.ActiveCfg = Debug|Win32
		{C7751332-FFF3-4712-AA0B-718598872BA4}.Debug|x86.Build.0 = Debug|Win32
		{C7751332-FFF3-4712-AA0B-718598872BA4}.Release|x64.ActiveCfg = Release|x64
		{C7751332-FFF3-4712-AA0B-718598872BA4}.Release|x64.Build.0 = Release|x64
		{C7751332-FFF3-4712-AA0B-718598872BA4}.Release|x86.ActiveCfg = Release|Win32
		{C7751332-FFF3-4712-AA0B-718598872BA4}.Release|x86.Build.0 = Release|Win32
	EndGlobalSection
	GlobalSection(SolutionProperties) = preSolution
		HideSolutionNode = FALSE
	EndGlobalSection
	GlobalSection(ExtensibilityGlobals) = postSolution
		SolutionGuid = {1382CBB0-DEF4-4AD8-B2EC-242B08B54CE7}
	EndGlobalSection
EndGlobal
